// !$*UTF8*$!
{
	archiveVersion = 1;
	classes = {
	};
	objectVersion = 50;
	objects = {

/* Begin PBXBuildFile section */
		D95C4E644FD96B1B80273828 /* Pods_Memorandum_Shopper.framework in Frameworks */ = {isa = PBXBuildFile; fileRef = 9343E6B560C5AD5AE73BBAC3 /* Pods_Memorandum_Shopper.framework */; };
		F21A44EF21E520BE00202BD6 /* SettingsViewController.swift in Sources */ = {isa = PBXBuildFile; fileRef = F21A44EE21E520BE00202BD6 /* SettingsViewController.swift */; };
		F22E9F9221C1DD8C0012DE81 /* ViewControllerTableViewCell.swift in Sources */ = {isa = PBXBuildFile; fileRef = F22E9F9121C1DD8C0012DE81 /* ViewControllerTableViewCell.swift */; };
		F23F1A9F21B9749A0059E3E6 /* AppDelegate.swift in Sources */ = {isa = PBXBuildFile; fileRef = F23F1A9E21B9749A0059E3E6 /* AppDelegate.swift */; };
		F23F1AA121B9749A0059E3E6 /* ListViewController.swift in Sources */ = {isa = PBXBuildFile; fileRef = F23F1AA021B9749A0059E3E6 /* ListViewController.swift */; };
		F23F1AA321B9749A0059E3E6 /* AddViewController.swift in Sources */ = {isa = PBXBuildFile; fileRef = F23F1AA221B9749A0059E3E6 /* AddViewController.swift */; };
		F23F1AA621B9749A0059E3E6 /* Main.storyboard in Resources */ = {isa = PBXBuildFile; fileRef = F23F1AA421B9749A0059E3E6 /* Main.storyboard */; };
		F23F1AA821B9749A0059E3E6 /* Assets.xcassets in Resources */ = {isa = PBXBuildFile; fileRef = F23F1AA721B9749A0059E3E6 /* Assets.xcassets */; };
		F23F1AAB21B9749A0059E3E6 /* LaunchScreen.storyboard in Resources */ = {isa = PBXBuildFile; fileRef = F23F1AA921B9749A0059E3E6 /* LaunchScreen.storyboard */; };
		F240F44B21FA1F3D0054BCDE /* ChangeEmailViewController.swift in Sources */ = {isa = PBXBuildFile; fileRef = F240F44A21FA1F3D0054BCDE /* ChangeEmailViewController.swift */; };
		F240F44D21FA1F530054BCDE /* ChangePasswordViewController.swift in Sources */ = {isa = PBXBuildFile; fileRef = F240F44C21FA1F530054BCDE /* ChangePasswordViewController.swift */; };
		F250D83F21F3CF3F00618A67 /* CoreLocation.framework in Frameworks */ = {isa = PBXBuildFile; fileRef = F250D83E21F3CF3F00618A67 /* CoreLocation.framework */; };
		F26A387521E4F16E001C02F6 /* GoogleService-Info.plist in Resources */ = {isa = PBXBuildFile; fileRef = F26A387421E4F16E001C02F6 /* GoogleService-Info.plist */; };
		F28CB80B21FA105500712516 /* ForgotPasswordViewController.swift in Sources */ = {isa = PBXBuildFile; fileRef = F28CB80A21FA105500712516 /* ForgotPasswordViewController.swift */; };
		F2D40A7421C29FFB0060D66A /* LoginViewController.swift in Sources */ = {isa = PBXBuildFile; fileRef = F2D40A7321C29FFB0060D66A /* LoginViewController.swift */; };
		F2D40A7621C2AC130060D66A /* SignupViewController.swift in Sources */ = {isa = PBXBuildFile; fileRef = F2D40A7521C2AC130060D66A /* SignupViewController.swift */; };
/* End PBXBuildFile section */

/* Begin PBXCopyFilesBuildPhase section */
		F2540A0721EC586200B077AD /* Embed Watch Content */ = {
			isa = PBXCopyFilesBuildPhase;
			buildActionMask = 2147483647;
			dstPath = "$(CONTENTS_FOLDER_PATH)/Watch";
			dstSubfolderSpec = 16;
			files = (
			);
			name = "Embed Watch Content";
			runOnlyForDeploymentPostprocessing = 0;
		};
/* End PBXCopyFilesBuildPhase section */

/* Begin PBXFileReference section */
		0BFB394B5D13A9DEB1D80510 /* Pods-Memorandum Shopper.debug.xcconfig */ = {isa = PBXFileReference; includeInIndex = 1; lastKnownFileType = text.xcconfig; name = "Pods-Memorandum Shopper.debug.xcconfig"; path = "Pods/Target Support Files/Pods-Memorandum Shopper/Pods-Memorandum Shopper.debug.xcconfig"; sourceTree = "<group>"; };
		9343E6B560C5AD5AE73BBAC3 /* Pods_Memorandum_Shopper.framework */ = {isa = PBXFileReference; explicitFileType = wrapper.framework; includeInIndex = 0; path = Pods_Memorandum_Shopper.framework; sourceTree = BUILT_PRODUCTS_DIR; };
		CF284BD76F992C428D23CABF /* Pods-Memorandum Shopper.release.xcconfig */ = {isa = PBXFileReference; includeInIndex = 1; lastKnownFileType = text.xcconfig; name = "Pods-Memorandum Shopper.release.xcconfig"; path = "Pods/Target Support Files/Pods-Memorandum Shopper/Pods-Memorandum Shopper.release.xcconfig"; sourceTree = "<group>"; };
		F21A44EE21E520BE00202BD6 /* SettingsViewController.swift */ = {isa = PBXFileReference; lastKnownFileType = sourcecode.swift; path = SettingsViewController.swift; sourceTree = "<group>"; };
		F22E9F9121C1DD8C0012DE81 /* ViewControllerTableViewCell.swift */ = {isa = PBXFileReference; lastKnownFileType = sourcecode.swift; path = ViewControllerTableViewCell.swift; sourceTree = "<group>"; };
		F23F1A9B21B9749A0059E3E6 /* Memorandum Shopper.app */ = {isa = PBXFileReference; explicitFileType = wrapper.application; includeInIndex = 0; path = "Memorandum Shopper.app"; sourceTree = BUILT_PRODUCTS_DIR; };
		F23F1A9E21B9749A0059E3E6 /* AppDelegate.swift */ = {isa = PBXFileReference; lastKnownFileType = sourcecode.swift; path = AppDelegate.swift; sourceTree = "<group>"; };
		F23F1AA021B9749A0059E3E6 /* ListViewController.swift */ = {isa = PBXFileReference; lastKnownFileType = sourcecode.swift; path = ListViewController.swift; sourceTree = "<group>"; };
		F23F1AA221B9749A0059E3E6 /* AddViewController.swift */ = {isa = PBXFileReference; lastKnownFileType = sourcecode.swift; path = AddViewController.swift; sourceTree = "<group>"; };
		F23F1AA521B9749A0059E3E6 /* Base */ = {isa = PBXFileReference; lastKnownFileType = file.storyboard; name = Base; path = Base.lproj/Main.storyboard; sourceTree = "<group>"; };
		F23F1AA721B9749A0059E3E6 /* Assets.xcassets */ = {isa = PBXFileReference; lastKnownFileType = folder.assetcatalog; path = Assets.xcassets; sourceTree = "<group>"; };
		F23F1AAA21B9749A0059E3E6 /* Base */ = {isa = PBXFileReference; lastKnownFileType = file.storyboard; name = Base; path = Base.lproj/LaunchScreen.storyboard; sourceTree = "<group>"; };
		F23F1AAC21B9749A0059E3E6 /* Info.plist */ = {isa = PBXFileReference; lastKnownFileType = text.plist.xml; path = Info.plist; sourceTree = "<group>"; };
		F240F44A21FA1F3D0054BCDE /* ChangeEmailViewController.swift */ = {isa = PBXFileReference; lastKnownFileType = sourcecode.swift; path = ChangeEmailViewController.swift; sourceTree = "<group>"; };
		F240F44C21FA1F530054BCDE /* ChangePasswordViewController.swift */ = {isa = PBXFileReference; lastKnownFileType = sourcecode.swift; path = ChangePasswordViewController.swift; sourceTree = "<group>"; };
		F250D83E21F3CF3F00618A67 /* CoreLocation.framework */ = {isa = PBXFileReference; lastKnownFileType = wrapper.framework; name = CoreLocation.framework; path = System/Library/Frameworks/CoreLocation.framework; sourceTree = SDKROOT; };
		F26A387421E4F16E001C02F6 /* GoogleService-Info.plist */ = {isa = PBXFileReference; fileEncoding = 4; lastKnownFileType = text.plist.xml; path = "GoogleService-Info.plist"; sourceTree = SOURCE_ROOT; };
		F28CB80A21FA105500712516 /* ForgotPasswordViewController.swift */ = {isa = PBXFileReference; lastKnownFileType = sourcecode.swift; path = ForgotPasswordViewController.swift; sourceTree = "<group>"; };
		F2D40A7321C29FFB0060D66A /* LoginViewController.swift */ = {isa = PBXFileReference; lastKnownFileType = sourcecode.swift; path = LoginViewController.swift; sourceTree = "<group>"; };
		F2D40A7521C2AC130060D66A /* SignupViewController.swift */ = {isa = PBXFileReference; lastKnownFileType = sourcecode.swift; path = SignupViewController.swift; sourceTree = "<group>"; };
/* End PBXFileReference section */

/* Begin PBXFrameworksBuildPhase section */
		F23F1A9821B9749A0059E3E6 /* Frameworks */ = {
			isa = PBXFrameworksBuildPhase;
			buildActionMask = 2147483647;
			files = (
				F250D83F21F3CF3F00618A67 /* CoreLocation.framework in Frameworks */,
				D95C4E644FD96B1B80273828 /* Pods_Memorandum_Shopper.framework in Frameworks */,
			);
			runOnlyForDeploymentPostprocessing = 0;
		};
/* End PBXFrameworksBuildPhase section */

/* Begin PBXGroup section */
		C1B13C9E46EA4B910DBE8125 /* Frameworks */ = {
			isa = PBXGroup;
			children = (
				F250D83E21F3CF3F00618A67 /* CoreLocation.framework */,
				9343E6B560C5AD5AE73BBAC3 /* Pods_Memorandum_Shopper.framework */,
			);
			name = Frameworks;
			sourceTree = "<group>";
		};
		DA229EB3BD7845D7CCD2A6AB /* Pods */ = {
			isa = PBXGroup;
			children = (
				0BFB394B5D13A9DEB1D80510 /* Pods-Memorandum Shopper.debug.xcconfig */,
				CF284BD76F992C428D23CABF /* Pods-Memorandum Shopper.release.xcconfig */,
			);
			name = Pods;
			sourceTree = "<group>";
		};
		F23F1A9221B9749A0059E3E6 = {
			isa = PBXGroup;
			children = (
				F23F1A9D21B9749A0059E3E6 /* Memorandum Shopper */,
				F23F1A9C21B9749A0059E3E6 /* Products */,
				DA229EB3BD7845D7CCD2A6AB /* Pods */,
				C1B13C9E46EA4B910DBE8125 /* Frameworks */,
			);
			sourceTree = "<group>";
		};
		F23F1A9C21B9749A0059E3E6 /* Products */ = {
			isa = PBXGroup;
			children = (
				F23F1A9B21B9749A0059E3E6 /* Memorandum Shopper.app */,
			);
			name = Products;
			sourceTree = "<group>";
		};
		F23F1A9D21B9749A0059E3E6 /* Memorandum Shopper */ = {
			isa = PBXGroup;
			children = (
				F26A387421E4F16E001C02F6 /* GoogleService-Info.plist */,
				F23F1A9E21B9749A0059E3E6 /* AppDelegate.swift */,
				F23F1AA021B9749A0059E3E6 /* ListViewController.swift */,
				F2D40A7321C29FFB0060D66A /* LoginViewController.swift */,
				F2D40A7521C2AC130060D66A /* SignupViewController.swift */,
				F23F1AA221B9749A0059E3E6 /* AddViewController.swift */,
				F23F1AA421B9749A0059E3E6 /* Main.storyboard */,
				F22E9F9121C1DD8C0012DE81 /* ViewControllerTableViewCell.swift */,
				F23F1AA721B9749A0059E3E6 /* Assets.xcassets */,
				F23F1AA921B9749A0059E3E6 /* LaunchScreen.storyboard */,
				F23F1AAC21B9749A0059E3E6 /* Info.plist */,
				F21A44EE21E520BE00202BD6 /* SettingsViewController.swift */,
				F28CB80A21FA105500712516 /* ForgotPasswordViewController.swift */,
				F240F44A21FA1F3D0054BCDE /* ChangeEmailViewController.swift */,
				F240F44C21FA1F530054BCDE /* ChangePasswordViewController.swift */,
			);
			path = "Memorandum Shopper";
			sourceTree = "<group>";
		};
/* End PBXGroup section */

/* Begin PBXNativeTarget section */
		F23F1A9A21B9749A0059E3E6 /* Memorandum Shopper */ = {
			isa = PBXNativeTarget;
			buildConfigurationList = F23F1AAF21B9749A0059E3E6 /* Build configuration list for PBXNativeTarget "Memorandum Shopper" */;
			buildPhases = (
				B4FD8BEDFC89D39AEC66D07D /* [CP] Check Pods Manifest.lock */,
				F23F1A9721B9749A0059E3E6 /* Sources */,
				F23F1A9821B9749A0059E3E6 /* Frameworks */,
				F23F1A9921B9749A0059E3E6 /* Resources */,
				277868853D669A3C7820BAE4 /* [CP] Embed Pods Frameworks */,
				F2540A0721EC586200B077AD /* Embed Watch Content */,
				8F4D7F2119AD300CA853E9A3 /* [CP] Copy Pods Resources */,
			);
			buildRules = (
			);
			dependencies = (
			);
			name = "Memorandum Shopper";
			productName = "Memorandum Shopper";
			productReference = F23F1A9B21B9749A0059E3E6 /* Memorandum Shopper.app */;
			productType = "com.apple.product-type.application";
		};
/* End PBXNativeTarget section */

/* Begin PBXProject section */
		F23F1A9321B9749A0059E3E6 /* Project object */ = {
			isa = PBXProject;
			attributes = {
				LastSwiftUpdateCheck = 1010;
				LastUpgradeCheck = 1010;
				ORGANIZATIONNAME = "Michael Sawlani";
				TargetAttributes = {
					F23F1A9A21B9749A0059E3E6 = {
						CreatedOnToolsVersion = 10.1;
					};
				};
			};
			buildConfigurationList = F23F1A9621B9749A0059E3E6 /* Build configuration list for PBXProject "Memorandum Shopper" */;
			compatibilityVersion = "Xcode 9.3";
			developmentRegion = en;
			hasScannedForEncodings = 0;
			knownRegions = (
				en,
				Base,
			);
			mainGroup = F23F1A9221B9749A0059E3E6;
			productRefGroup = F23F1A9C21B9749A0059E3E6 /* Products */;
			projectDirPath = "";
			projectRoot = "";
			targets = (
				F23F1A9A21B9749A0059E3E6 /* Memorandum Shopper */,
			);
		};
/* End PBXProject section */

/* Begin PBXResourcesBuildPhase section */
		F23F1A9921B9749A0059E3E6 /* Resources */ = {
			isa = PBXResourcesBuildPhase;
			buildActionMask = 2147483647;
			files = (
				F23F1AAB21B9749A0059E3E6 /* LaunchScreen.storyboard in Resources */,
				F26A387521E4F16E001C02F6 /* GoogleService-Info.plist in Resources */,
				F23F1AA821B9749A0059E3E6 /* Assets.xcassets in Resources */,
				F23F1AA621B9749A0059E3E6 /* Main.storyboard in Resources */,
			);
			runOnlyForDeploymentPostprocessing = 0;
		};
/* End PBXResourcesBuildPhase section */

/* Begin PBXShellScriptBuildPhase section */
		277868853D669A3C7820BAE4 /* [CP] Embed Pods Frameworks */ = {
			isa = PBXShellScriptBuildPhase;
			buildActionMask = 2147483647;
			files = (
			);
			inputFileListPaths = (
			);
			inputPaths = (
				"${SRCROOT}/Pods/Target Support Files/Pods-Memorandum Shopper/Pods-Memorandum Shopper-frameworks.sh",
				"${BUILT_PRODUCTS_DIR}/GTMSessionFetcher/GTMSessionFetcher.framework",
				"${BUILT_PRODUCTS_DIR}/GoogleToolboxForMac/GoogleToolboxForMac.framework",
				"${BUILT_PRODUCTS_DIR}/GoogleUtilities/GoogleUtilities.framework",
				"${BUILT_PRODUCTS_DIR}/leveldb-library/leveldb.framework",
				"${BUILT_PRODUCTS_DIR}/nanopb/nanopb.framework",
			);
			name = "[CP] Embed Pods Frameworks";
			outputFileListPaths = (
			);
			outputPaths = (
				"${TARGET_BUILD_DIR}/${FRAMEWORKS_FOLDER_PATH}/GTMSessionFetcher.framework",
				"${TARGET_BUILD_DIR}/${FRAMEWORKS_FOLDER_PATH}/GoogleToolboxForMac.framework",
				"${TARGET_BUILD_DIR}/${FRAMEWORKS_FOLDER_PATH}/GoogleUtilities.framework",
				"${TARGET_BUILD_DIR}/${FRAMEWORKS_FOLDER_PATH}/leveldb.framework",
				"${TARGET_BUILD_DIR}/${FRAMEWORKS_FOLDER_PATH}/nanopb.framework",
			);
			runOnlyForDeploymentPostprocessing = 0;
			shellPath = /bin/sh;
			shellScript = "\"${SRCROOT}/Pods/Target Support Files/Pods-Memorandum Shopper/Pods-Memorandum Shopper-frameworks.sh\"\n";
			showEnvVarsInLog = 0;
		};
		8F4D7F2119AD300CA853E9A3 /* [CP] Copy Pods Resources */ = {
			isa = PBXShellScriptBuildPhase;
			buildActionMask = 2147483647;
			files = (
			);
			inputFileListPaths = (
			);
			inputPaths = (
				"${SRCROOT}/Pods/Target Support Files/Pods-Memorandum Shopper/Pods-Memorandum Shopper-resources.sh",
				"${PODS_ROOT}/GoogleSignIn/Resources/GoogleSignIn.bundle",
			);
			name = "[CP] Copy Pods Resources";
			outputFileListPaths = (
			);
			outputPaths = (
				"${TARGET_BUILD_DIR}/${UNLOCALIZED_RESOURCES_FOLDER_PATH}/GoogleSignIn.bundle",
			);
			runOnlyForDeploymentPostprocessing = 0;
			shellPath = /bin/sh;
			shellScript = "\"${SRCROOT}/Pods/Target Support Files/Pods-Memorandum Shopper/Pods-Memorandum Shopper-resources.sh\"\n";
			showEnvVarsInLog = 0;
		};
		B4FD8BEDFC89D39AEC66D07D /* [CP] Check Pods Manifest.lock */ = {
			isa = PBXShellScriptBuildPhase;
			buildActionMask = 2147483647;
			files = (
			);
			inputFileListPaths = (
			);
			inputPaths = (
				"${PODS_PODFILE_DIR_PATH}/Podfile.lock",
				"${PODS_ROOT}/Manifest.lock",
			);
			name = "[CP] Check Pods Manifest.lock";
			outputFileListPaths = (
			);
			outputPaths = (
				"$(DERIVED_FILE_DIR)/Pods-Memorandum Shopper-checkManifestLockResult.txt",
			);
			runOnlyForDeploymentPostprocessing = 0;
			shellPath = /bin/sh;
			shellScript = "diff \"${PODS_PODFILE_DIR_PATH}/Podfile.lock\" \"${PODS_ROOT}/Manifest.lock\" > /dev/null\nif [ $? != 0 ] ; then\n    # print error to STDERR\n    echo \"error: The sandbox is not in sync with the Podfile.lock. Run 'pod install' or update your CocoaPods installation.\" >&2\n    exit 1\nfi\n# This output is used by Xcode 'outputs' to avoid re-running this script phase.\necho \"SUCCESS\" > \"${SCRIPT_OUTPUT_FILE_0}\"\n";
			showEnvVarsInLog = 0;
		};
/* End PBXShellScriptBuildPhase section */

/* Begin PBXSourcesBuildPhase section */
		F23F1A9721B9749A0059E3E6 /* Sources */ = {
			isa = PBXSourcesBuildPhase;
			buildActionMask = 2147483647;
			files = (
				F28CB80B21FA105500712516 /* ForgotPasswordViewController.swift in Sources */,
				F2D40A7621C2AC130060D66A /* SignupViewController.swift in Sources */,
				F240F44B21FA1F3D0054BCDE /* ChangeEmailViewController.swift in Sources */,
				F240F44D21FA1F530054BCDE /* ChangePasswordViewController.swift in Sources */,
				F23F1AA321B9749A0059E3E6 /* AddViewController.swift in Sources */,
				F21A44EF21E520BE00202BD6 /* SettingsViewController.swift in Sources */,
				F23F1A9F21B9749A0059E3E6 /* AppDelegate.swift in Sources */,
				F22E9F9221C1DD8C0012DE81 /* ViewControllerTableViewCell.swift in Sources */,
				F2D40A7421C29FFB0060D66A /* LoginViewController.swift in Sources */,
				F23F1AA121B9749A0059E3E6 /* ListViewController.swift in Sources */,
			);
			runOnlyForDeploymentPostprocessing = 0;
		};
/* End PBXSourcesBuildPhase section */

/* Begin PBXVariantGroup section */
		F23F1AA421B9749A0059E3E6 /* Main.storyboard */ = {
			isa = PBXVariantGroup;
			children = (
				F23F1AA521B9749A0059E3E6 /* Base */,
			);
			name = Main.storyboard;
			sourceTree = "<group>";
		};
		F23F1AA921B9749A0059E3E6 /* LaunchScreen.storyboard */ = {
			isa = PBXVariantGroup;
			children = (
				F23F1AAA21B9749A0059E3E6 /* Base */,
			);
			name = LaunchScreen.storyboard;
			sourceTree = "<group>";
		};
/* End PBXVariantGroup section */

/* Begin XCBuildConfiguration section */
		F23F1AAD21B9749A0059E3E6 /* Debug */ = {
			isa = XCBuildConfiguration;
			buildSettings = {
				ALWAYS_SEARCH_USER_PATHS = NO;
				CLANG_ANALYZER_NONNULL = YES;
				CLANG_ANALYZER_NUMBER_OBJECT_CONVERSION = YES_AGGRESSIVE;
				CLANG_CXX_LANGUAGE_STANDARD = "gnu++14";
				CLANG_CXX_LIBRARY = "libc++";
				CLANG_ENABLE_MODULES = YES;
				CLANG_ENABLE_OBJC_ARC = YES;
				CLANG_ENABLE_OBJC_WEAK = YES;
				CLANG_WARN_BLOCK_CAPTURE_AUTORELEASING = YES;
				CLANG_WARN_BOOL_CONVERSION = YES;
				CLANG_WARN_COMMA = YES;
				CLANG_WARN_CONSTANT_CONVERSION = YES;
				CLANG_WARN_DEPRECATED_OBJC_IMPLEMENTATIONS = YES;
				CLANG_WARN_DIRECT_OBJC_ISA_USAGE = YES_ERROR;
				CLANG_WARN_DOCUMENTATION_COMMENTS = YES;
				CLANG_WARN_EMPTY_BODY = YES;
				CLANG_WARN_ENUM_CONVERSION = YES;
				CLANG_WARN_INFINITE_RECURSION = YES;
				CLANG_WARN_INT_CONVERSION = YES;
				CLANG_WARN_NON_LITERAL_NULL_CONVERSION = YES;
				CLANG_WARN_OBJC_IMPLICIT_RETAIN_SELF = YES;
				CLANG_WARN_OBJC_LITERAL_CONVERSION = YES;
				CLANG_WARN_OBJC_ROOT_CLASS = YES_ERROR;
				CLANG_WARN_RANGE_LOOP_ANALYSIS = YES;
				CLANG_WARN_STRICT_PROTOTYPES = YES;
				CLANG_WARN_SUSPICIOUS_MOVE = YES;
				CLANG_WARN_UNGUARDED_AVAILABILITY = YES_AGGRESSIVE;
				CLANG_WARN_UNREACHABLE_CODE = YES;
				CLANG_WARN__DUPLICATE_METHOD_MATCH = YES;
				CODE_SIGN_IDENTITY = "iPhone Developer";
				COPY_PHASE_STRIP = NO;
				DEBUG_INFORMATION_FORMAT = dwarf;
				ENABLE_STRICT_OBJC_MSGSEND = YES;
				ENABLE_TESTABILITY = YES;
				GCC_C_LANGUAGE_STANDARD = gnu11;
				GCC_DYNAMIC_NO_PIC = NO;
				GCC_NO_COMMON_BLOCKS = YES;
				GCC_OPTIMIZATION_LEVEL = 0;
				GCC_PREPROCESSOR_DEFINITIONS = (
					"DEBUG=1",
					"$(inherited)",
				);
				GCC_WARN_64_TO_32_BIT_CONVERSION = YES;
				GCC_WARN_ABOUT_RETURN_TYPE = YES_ERROR;
				GCC_WARN_UNDECLARED_SELECTOR = YES;
				GCC_WARN_UNINITIALIZED_AUTOS = YES_AGGRESSIVE;
				GCC_WARN_UNUSED_FUNCTION = YES;
				GCC_WARN_UNUSED_VARIABLE = YES;
				IPHONEOS_DEPLOYMENT_TARGET = 12.1;
				MTL_ENABLE_DEBUG_INFO = INCLUDE_SOURCE;
				MTL_FAST_MATH = YES;
				ONLY_ACTIVE_ARCH = YES;
				SDKROOT = iphoneos;
				SWIFT_ACTIVE_COMPILATION_CONDITIONS = DEBUG;
				SWIFT_OPTIMIZATION_LEVEL = "-Onone";
			};
			name = Debug;
		};
		F23F1AAE21B9749A0059E3E6 /* Release */ = {
			isa = XCBuildConfiguration;
			buildSettings = {
				ALWAYS_SEARCH_USER_PATHS = NO;
				CLANG_ANALYZER_NONNULL = YES;
				CLANG_ANALYZER_NUMBER_OBJECT_CONVERSION = YES_AGGRESSIVE;
				CLANG_CXX_LANGUAGE_STANDARD = "gnu++14";
				CLANG_CXX_LIBRARY = "libc++";
				CLANG_ENABLE_MODULES = YES;
				CLANG_ENABLE_OBJC_ARC = YES;
				CLANG_ENABLE_OBJC_WEAK = YES;
				CLANG_WARN_BLOCK_CAPTURE_AUTORELEASING = YES;
				CLANG_WARN_BOOL_CONVERSION = YES;
				CLANG_WARN_COMMA = YES;
				CLANG_WARN_CONSTANT_CONVERSION = YES;
				CLANG_WARN_DEPRECATED_OBJC_IMPLEMENTATIONS = YES;
				CLANG_WARN_DIRECT_OBJC_ISA_USAGE = YES_ERROR;
				CLANG_WARN_DOCUMENTATION_COMMENTS = YES;
				CLANG_WARN_EMPTY_BODY = YES;
				CLANG_WARN_ENUM_CONVERSION = YES;
				CLANG_WARN_INFINITE_RECURSION = YES;
				CLANG_WARN_INT_CONVERSION = YES;
				CLANG_WARN_NON_LITERAL_NULL_CONVERSION = YES;
				CLANG_WARN_OBJC_IMPLICIT_RETAIN_SELF = YES;
				CLANG_WARN_OBJC_LITERAL_CONVERSION = YES;
				CLANG_WARN_OBJC_ROOT_CLASS = YES_ERROR;
				CLANG_WARN_RANGE_LOOP_ANALYSIS = YES;
				CLANG_WARN_STRICT_PROTOTYPES = YES;
				CLANG_WARN_SUSPICIOUS_MOVE = YES;
				CLANG_WARN_UNGUARDED_AVAILABILITY = YES_AGGRESSIVE;
				CLANG_WARN_UNREACHABLE_CODE = YES;
				CLANG_WARN__DUPLICATE_METHOD_MATCH = YES;
				CODE_SIGN_IDENTITY = "iPhone Developer";
				COPY_PHASE_STRIP = NO;
				DEBUG_INFORMATION_FORMAT = "dwarf-with-dsym";
				ENABLE_NS_ASSERTIONS = NO;
				ENABLE_STRICT_OBJC_MSGSEND = YES;
				GCC_C_LANGUAGE_STANDARD = gnu11;
				GCC_NO_COMMON_BLOCKS = YES;
				GCC_WARN_64_TO_32_BIT_CONVERSION = YES;
				GCC_WARN_ABOUT_RETURN_TYPE = YES_ERROR;
				GCC_WARN_UNDECLARED_SELECTOR = YES;
				GCC_WARN_UNINITIALIZED_AUTOS = YES_AGGRESSIVE;
				GCC_WARN_UNUSED_FUNCTION = YES;
				GCC_WARN_UNUSED_VARIABLE = YES;
				IPHONEOS_DEPLOYMENT_TARGET = 12.1;
				MTL_ENABLE_DEBUG_INFO = NO;
				MTL_FAST_MATH = YES;
				SDKROOT = iphoneos;
				SWIFT_COMPILATION_MODE = wholemodule;
				SWIFT_OPTIMIZATION_LEVEL = "-O";
				VALIDATE_PRODUCT = YES;
			};
			name = Release;
		};
		F23F1AB021B9749A0059E3E6 /* Debug */ = {
			isa = XCBuildConfiguration;
			baseConfigurationReference = 0BFB394B5D13A9DEB1D80510 /* Pods-Memorandum Shopper.debug.xcconfig */;
			buildSettings = {
				ASSETCATALOG_COMPILER_APPICON_NAME = AppIcon;
				CODE_SIGN_STYLE = Automatic;
				DEVELOPMENT_TEAM = Q7NNMD9CR7;
				INFOPLIST_FILE = "Memorandum Shopper/Info.plist";
				LD_RUNPATH_SEARCH_PATHS = (
					"$(inherited)",
					"@executable_path/Frameworks",
				);
				PRODUCT_BUNDLE_IDENTIFIER = "michael.Memorandum-Shopper";
				PRODUCT_NAME = "$(TARGET_NAME)";
				SWIFT_VERSION = 4.2;
				TARGETED_DEVICE_FAMILY = "1,2";
			};
			name = Debug;
		};
		F23F1AB121B9749A0059E3E6 /* Release */ = {
			isa = XCBuildConfiguration;
			baseConfigurationReference = CF284BD76F992C428D23CABF /* Pods-Memorandum Shopper.release.xcconfig */;
			buildSettings = {
				ASSETCATALOG_COMPILER_APPICON_NAME = AppIcon;
				CODE_SIGN_STYLE = Automatic;
				DEVELOPMENT_TEAM = Q7NNMD9CR7;
				INFOPLIST_FILE = "Memorandum Shopper/Info.plist";
				LD_RUNPATH_SEARCH_PATHS = (
					"$(inherited)",
					"@executable_path/Frameworks",
				);
				PRODUCT_BUNDLE_IDENTIFIER = "michael.Memorandum-Shopper";
				PRODUCT_NAME = "$(TARGET_NAME)";
				SWIFT_VERSION = 4.2;
				TARGETED_DEVICE_FAMILY = "1,2";
			};
			name = Release;
		};
/* End XCBuildConfiguration section */

/* Begin XCConfigurationList section */
		F23F1A9621B9749A0059E3E6 /* Build configuration list for PBXProject "Memorandum Shopper" */ = {
			isa = XCConfigurationList;
			buildConfigurations = (
				F23F1AAD21B9749A0059E3E6 /* Debug */,
				F23F1AAE21B9749A0059E3E6 /* Release */,
			);
			defaultConfigurationIsVisible = 0;
			defaultConfigurationName = Release;
		};
		F23F1AAF21B9749A0059E3E6 /* Build configuration list for PBXNativeTarget "Memorandum Shopper" */ = {
			isa = XCConfigurationList;
			buildConfigurations = (
				F23F1AB021B9749A0059E3E6 /* Debug */,
				F23F1AB121B9749A0059E3E6 /* Release */,
			);
			defaultConfigurationIsVisible = 0;
			defaultConfigurationName = Release;
		};
/* End XCConfigurationList section */
	};
	rootObject = F23F1A9321B9749A0059E3E6 /* Project object */;
}
